
Microsoft Visual Studio Solution File, Format Version 12.00
# Visual Studio Version 17
VisualStudioVersion = 17.5.002.0
MinimumVisualStudioVersion = 10.0.40219.1
Project("{9A19103F-16F7-4668-BE54-9A1E7A4F7556}") = "git", "git.csproj", "{C672E223-A4CE-45B2-ABE5-52A082A3F934}"
EndProject
Global
	GlobalSection(SolutionConfigurationPlatforms) = preSolution
		Debug|Any CPU = Debug|Any CPU
		Release|Any CPU = Release|Any CPU
	EndGlobalSection
	GlobalSection(ProjectConfigurationPlatforms) = postSolution
		{C672E223-A4CE-45B2-ABE5-52A082A3F934}.Debug|Any CPU.ActiveCfg = Debug|Any CPU
		{C672E223-A4CE-45B2-ABE5-52A082A3F934}.Debug|Any CPU.Build.0 = Debug|Any CPU
		{C672E223-A4CE-45B2-ABE5-52A082A3F934}.Release|Any CPU.ActiveCfg = Release|Any CPU
		{C672E223-A4CE-45B2-ABE5-52A082A3F934}.Release|Any CPU.Build.0 = Release|Any CPU
	EndGlobalSection
	GlobalSection(SolutionProperties) = preSolution
		HideSolutionNode = FALSE
	EndGlobalSection
	GlobalSection(ExtensibilityGlobals) = postSolution
		SolutionGuid = {984A8B95-F1E8-4406-8CF6-2E28A3C6B3B1}
	EndGlobalSection
EndGlobal
